
Microsoft Visual Studio Solution File, Format Version 12.00
# Visual Studio 15
VisualStudioVersion = 15.0.27703.2035
MinimumVisualStudioVersion = 10.0.40219.1
Project("{E24C65DC-7377-472B-9ABA-BC803B73C61A}") = "MultiPoint", "MultiPoint\", "{03A205D5-AE99-46EE-8635-5100C7579951}"
	ProjectSection(WebsiteProperties) = preProject
		TargetFrameworkMoniker = ".NETFramework,Version%3Dv4.6.1"
		Debug.AspNetCompiler.VirtualPath = "/localhost_7214"
		Debug.AspNetCompiler.PhysicalPath = "MultiPoint\"
		Debug.AspNetCompiler.TargetPath = "PrecompiledWeb\localhost_7214\"
		Debug.AspNetCompiler.Updateable = "true"
		Debug.AspNetCompiler.ForceOverwrite = "true"
		Debug.AspNetCompiler.FixedNames = "false"
		Debug.AspNetCompiler.Debug = "True"
		Release.AspNetCompiler.VirtualPath = "/localhost_7214"
		Release.AspNetCompiler.PhysicalPath = "MultiPoint\"
		Release.AspNetCompiler.TargetPath = "PrecompiledWeb\localhost_7214\"
		Release.AspNetCompiler.Updateable = "true"
		Release.AspNetCompiler.ForceOverwrite = "true"
		Release.AspNetCompiler.FixedNames = "false"
		Release.AspNetCompiler.Debug = "False"
		VWDPort = "7214"
		SlnRelativePath = "MultiPoint\"
		DefaultWebSiteLanguage = "Visual C#"
	EndProjectSection
EndProject
Global
	GlobalSection(SolutionConfigurationPlatforms) = preSolution
		Debug|Any CPU = Debug|Any CPU
	EndGlobalSection
	GlobalSection(ProjectConfigurationPlatforms) = postSolution
		{03A205D5-AE99-46EE-8635-5100C7579951}.Debug|Any CPU.ActiveCfg = Debug|Any CPU
		{03A205D5-AE99-46EE-8635-5100C7579951}.Debug|Any CPU.Build.0 = Debug|Any CPU
	EndGlobalSection
	GlobalSection(SolutionProperties) = preSolution
		HideSolutionNode = FALSE
	EndGlobalSection
	GlobalSection(ExtensibilityGlobals) = postSolution
		SolutionGuid = {9283E84B-6DC0-4889-AC4A-9BAF51F1DBFB}
	EndGlobalSection
EndGlobal
